
Microsoft Visual Studio Solution File, Format Version 12.00
# Visual Studio Version 17
VisualStudioVersion = 17.6.33815.320
MinimumVisualStudioVersion = 10.0.40219.1
Project("{FAE04EC0-301F-11D3-BF4B-00C04F79EFBC}") = "libCptBq", "libCptBq\libCptBq.csproj", "{B164D082-5305-4B70-B9FB-1881F704AEE3}"
EndProject
Project("{FAE04EC0-301F-11D3-BF4B-00C04F79EFBC}") = "ConsCptBq", "ConsCptBq\ConsCptBq.csproj", "{A58F7044-EB7F-47A5-AC0B-CA9FA068401E}"
EndProject
Global
	GlobalSection(SolutionConfigurationPlatforms) = preSolution
		Debug|Any CPU = Debug|Any CPU
		Release|Any CPU = Release|Any CPU
	EndGlobalSection
	GlobalSection(ProjectConfigurationPlatforms) = postSolution
		{B164D082-5305-4B70-B9FB-1881F704AEE3}.Debug|Any CPU.ActiveCfg = Debug|Any CPU
		{B164D082-5305-4B70-B9FB-1881F704AEE3}.Debug|Any CPU.Build.0 = Debug|Any CPU
		{B164D082-5305-4B70-B9FB-1881F704AEE3}.Release|Any CPU.ActiveCfg = Release|Any CPU
		{B164D082-5305-4B70-B9FB-1881F704AEE3}.Release|Any CPU.Build.0 = Release|Any CPU
		{A58F7044-EB7F-47A5-AC0B-CA9FA068401E}.Debug|Any CPU.ActiveCfg = Debug|Any CPU
		{A58F7044-EB7F-47A5-AC0B-CA9FA068401E}.Debug|Any CPU.Build.0 = Debug|Any CPU
		{A58F7044-EB7F-47A5-AC0B-CA9FA068401E}.Release|Any CPU.ActiveCfg = Release|Any CPU
		{A58F7044-EB7F-47A5-AC0B-CA9FA068401E}.Release|Any CPU.Build.0 = Release|Any CPU
	EndGlobalSection
	GlobalSection(SolutionProperties) = preSolution
		HideSolutionNode = FALSE
	EndGlobalSection
	GlobalSection(ExtensibilityGlobals) = postSolution
		SolutionGuid = {3647A5B1-C52D-466F-B4E5-72984498158C}
	EndGlobalSection
EndGlobal
